# THIS IS AN AUTOGENERATED FILE. DO NOT EDIT THIS FILE DIRECTLY.
# yarn lockfile v1


three@0.112.0:
  version "0.112.0"
  resolved "https://registry.yarnpkg.com/three/-/three-0.112.0.tgz#3b392ca32df77a3570c226c1fe184d9f5f86ac66"
  integrity sha512-dX2fm4kmpaEq3A8sMGOBZzI5X132Lzoh+Aw/uFF3iGXnjM0jzxo5vugDbydTQbWU2I31XC1Nn7kIPdyhxx1uqg==
